{
  "name": "template-remote",
  "version": "0.1.0",
  "lockfileVersion": 1,
  "requires": true,
  "dependencies": {
    "@module-federation/runtime": {
      "version": "0.1.1",
      "resolved": "https://registry.npmjs.org/@module-federation/runtime/-/runtime-0.1.1.tgz",
      "integrity": "sha512-oZaRK1n317A0I4JWMq4Upsz7K3r6PNXXpxZ9DOH6Sy6g6tbR1dBHroGMK3TdzIP2xS6pQJlVMbmI4/ixHm5Taw==",
      "requires": {
        "@module-federation/sdk": "0.1.1"
      }
    },
    "@module-federation/sdk": {
      "version": "0.1.1",
      "resolved": "https://registry.npmjs.org/@module-federation/sdk/-/sdk-0.1.1.tgz",
      "integrity": "sha512-nQL4y+WctG03Qf5DR2beGCIGORFTZQVubZTdv/6jQLMRu+CvrS5dlzEpXYoYUPq/VS53R24QFEPZgPWz+E9XUw=="
    }
  }
}
